PODS:
  - GoogleMaps (2.7.0):
    - GoogleMaps/Maps (= 2.7.0)
  - GoogleMaps/Base (2.7.0)
  - GoogleMaps/Maps (2.7.0):
    - GoogleMaps/Base
  - SAMKeychain (1.5.3)

DEPENDENCIES:
  - GoogleMaps
  - SAMKeychain (~> 1.5.2)

SPEC REPOS:
  https://github.com/cocoapods/specs.git:
    - GoogleMaps
    - SAMKeychain

SPEC CHECKSUMS:
  GoogleMaps: f79af95cb24d869457b1f961c93d3ce8b2f3b848
  SAMKeychain: 483e1c9f32984d50ca961e26818a534283b4cd5c

PODFILE CHECKSUM: d1d9c46524f27ead6dd67f588d1db3327691fa3f

COCOAPODS: 1.5.3
